// !$*UTF8*$!
{
	archiveVersion = 1;
	classes = {
	};
	objectVersion = 70;
	objects = {

/* Begin PBXBuildFile section */
		7C7D57E62AAE975F00CC929D /* GoogleSignIn in Frameworks */ = {isa = PBXBuildFile; productRef = 7C7D57E52AAE975F00CC929D /* GoogleSignIn */; };
		7C7D57E82AAE975F00CC929D /* GoogleSignInSwift in Frameworks */ = {isa = PBXBuildFile; productRef = 7C7D57E72AAE975F00CC929D /* GoogleSignInSwift */; };
		7C9E05162A88A4670006ACF8 /* Kingfisher in Frameworks */ = {isa = PBXBuildFile; productRef = 7C9E05152A88A4670006ACF8 /* Kingfisher */; };
		7C9E05192A88D7380006ACF8 /* FirebaseAnalytics in Frameworks */ = {isa = PBXBuildFile; productRef = 7C9E05182A88D7380006ACF8 /* FirebaseAnalytics */; };
		7C9E051C2A88EFB10006ACF8 /* FirebaseAuth in Frameworks */ = {isa = PBXBuildFile; productRef = 7C9E051B2A88EFB10006ACF8 /* FirebaseAuth */; };
		7C9E051E2A88EFBF0006ACF8 /* FirebaseStorage in Frameworks */ = {isa = PBXBuildFile; productRef = 7C9E051D2A88EFBF0006ACF8 /* FirebaseStorage */; };
		7C9E05202A88EFC80006ACF8 /* FirebaseFirestoreSwift in Frameworks */ = {isa = PBXBuildFile; productRef = 7C9E051F2A88EFC80006ACF8 /* FirebaseFirestoreSwift */; };
		7CB8753B2A8B2472001FD805 /* FirebaseDatabase in Frameworks */ = {isa = PBXBuildFile; productRef = 7CB8753A2A8B2472001FD805 /* FirebaseDatabase */; };
/* End PBXBuildFile section */

/* Begin PBXFileReference section */
		3FEA40C42A79F09200D16BC8 /* MovieHelper.app */ = {isa = PBXFileReference; explicitFileType = wrapper.application; includeInIndex = 0; path = MovieHelper.app; sourceTree = BUILT_PRODUCTS_DIR; };
/* End PBXFileReference section */

/* Begin PBXFileSystemSynchronizedBuildFileExceptionSet section */
		588828632FAB122E002241A7 /* PBXFileSystemSynchronizedBuildFileExceptionSet */ = {
			isa = PBXFileSystemSynchronizedBuildFileExceptionSet;
			membershipExceptions = (
				Info.plist,
			);
			target = 3FEA40C32A79F09200D16BC8 /* MovieHelper */;
		};
/* End PBXFileSystemSynchronizedBuildFileExceptionSet section */

/* Begin PBXFileSystemSynchronizedRootGroup section */
		588828492FAB122E002241A7 /* MovieHelper */ = {isa = PBXFileSystemSynchronizedRootGroup; exceptions = (588828632FAB122E002241A7 /* PBXFileSystemSynchronizedBuildFileExceptionSet */, ); explicitFileTypes = {}; explicitFolders = (); path = MovieHelper; sourceTree = "<group>"; };
/* End PBXFileSystemSynchronizedRootGroup section */

/* Begin PBXFrameworksBuildPhase section */
		3FEA40C12A79F09200D16BC8 /* Frameworks */ = {
			isa = PBXFrameworksBuildPhase;
			buildActionMask = 2147483647;
			files = (
				7CB8753B2A8B2472001FD805 /* FirebaseDatabase in Frameworks */,
				7C9E05202A88EFC80006ACF8 /* FirebaseFirestoreSwift in Frameworks */,
				7C9E05192A88D7380006ACF8 /* FirebaseAnalytics in Frameworks */,
				7C7D57E82AAE975F00CC929D /* GoogleSignInSwift in Frameworks */,
				7C9E051E2A88EFBF0006ACF8 /* FirebaseStorage in Frameworks */,
				7C9E051C2A88EFB10006ACF8 /* FirebaseAuth in Frameworks */,
				7C9E05162A88A4670006ACF8 /* Kingfisher in Frameworks */,
				7C7D57E62AAE975F00CC929D /* GoogleSignIn in Frameworks */,
			);
			runOnlyForDeploymentPostprocessing = 0;
		};
/* End PBXFrameworksBuildPhase section */

/* Begin PBXGroup section */
		3FEA40BB2A79F09200D16BC8 = {
			isa = PBXGroup;
			children = (
				588828492FAB122E002241A7 /* MovieHelper */,
				3FEA40C52A79F09200D16BC8 /* Products */,
			);
			sourceTree = "<group>";
		};
		3FEA40C52A79F09200D16BC8 /* Products */ = {
			isa = PBXGroup;
			children = (
				3FEA40C42A79F09200D16BC8 /* MovieHelper.app */,
			);
			name = Products;
			sourceTree = "<group>";
		};
/* End PBXGroup section */

/* Begin PBXNativeTarget section */
		3FEA40C32A79F09200D16BC8 /* MovieHelper */ = {
			isa = PBXNativeTarget;
			buildConfigurationList = 3FEA40D82A79F09600D16BC8 /* Build configuration list for PBXNativeTarget "MovieHelper" */;
			buildPhases = (
				3FEA40C02A79F09200D16BC8 /* Sources */,
				3FEA40C12A79F09200D16BC8 /* Frameworks */,
				3FEA40C22A79F09200D16BC8 /* Resources */,
			);
			buildRules = (
			);
			dependencies = (
			);
			fileSystemSynchronizedGroups = (
				588828492FAB122E002241A7 /* MovieHelper */,
			);
			name = MovieHelper;
			packageProductDependencies = (
				7C9E05152A88A4670006ACF8 /* Kingfisher */,
				7C9E05182A88D7380006ACF8 /* FirebaseAnalytics */,
				7C9E051B2A88EFB10006ACF8 /* FirebaseAuth */,
				7C9E051D2A88EFBF0006ACF8 /* FirebaseStorage */,
				7C9E051F2A88EFC80006ACF8 /* FirebaseFirestoreSwift */,
				7CB8753A2A8B2472001FD805 /* FirebaseDatabase */,
				7C7D57E52AAE975F00CC929D /* GoogleSignIn */,
				7C7D57E72AAE975F00CC929D /* GoogleSignInSwift */,
			);
			productName = MovieHelper;
			productReference = 3FEA40C42A79F09200D16BC8 /* MovieHelper.app */;
			productType = "com.apple.product-type.application";
		};
/* End PBXNativeTarget section */

/* Begin PBXProject section */
		3FEA40BC2A79F09200D16BC8 /* Project object */ = {
			isa = PBXProject;
			attributes = {
				BuildIndependentTargetsInParallel = 1;
				LastSwiftUpdateCheck = 1420;
				LastUpgradeCheck = 1420;
				TargetAttributes = {
					3FEA40C32A79F09200D16BC8 = {
						CreatedOnToolsVersion = 14.2;
					};
				};
			};
			buildConfigurationList = 3FEA40BF2A79F09200D16BC8 /* Build configuration list for PBXProject "MovieHelper" */;
			compatibilityVersion = "Xcode 14.0";
			developmentRegion = en;
			hasScannedForEncodings = 0;
			knownRegions = (
				en,
				Base,
			);
			mainGroup = 3FEA40BB2A79F09200D16BC8;
			packageReferences = (
				7C9E05142A88A4670006ACF8 /* XCRemoteSwiftPackageReference "Kingfisher" */,
				7C9E05172A88D7380006ACF8 /* XCRemoteSwiftPackageReference "firebase-ios-sdk" */,
				7C7D57E42AAE975F00CC929D /* XCRemoteSwiftPackageReference "GoogleSignIn-iOS" */,
			);
			productRefGroup = 3FEA40C52A79F09200D16BC8 /* Products */;
			projectDirPath = "";
			projectRoot = "";
			targets = (
				3FEA40C32A79F09200D16BC8 /* MovieHelper */,
			);
		};
/* End PBXProject section */

/* Begin PBXResourcesBuildPhase section */
		3FEA40C22A79F09200D16BC8 /* Resources */ = {
			isa = PBXResourcesBuildPhase;
			buildActionMask = 2147483647;
			files = (
			);
			runOnlyForDeploymentPostprocessing = 0;
		};
/* End PBXResourcesBuildPhase section */

/* Begin PBXSourcesBuildPhase section */
		3FEA40C02A79F09200D16BC8 /* Sources */ = {
			isa = PBXSourcesBuildPhase;
			buildActionMask = 2147483647;
			files = (
			);
			runOnlyForDeploymentPostprocessing = 0;
		};
/* End PBXSourcesBuildPhase section */

/* Begin XCBuildConfiguration section */
		3FEA40D62A79F09600D16BC8 /* Debug */ = {
			isa = XCBuildConfiguration;
			buildSettings = {
				ALWAYS_SEARCH_USER_PATHS = NO;
				CLANG_ANALYZER_NONNULL = YES;
				CLANG_ANALYZER_NUMBER_OBJECT_CONVERSION = YES_AGGRESSIVE;
				CLANG_CXX_LANGUAGE_STANDARD = "gnu++20";
				CLANG_ENABLE_MODULES = YES;
				CLANG_ENABLE_OBJC_ARC = YES;
				CLANG_ENABLE_OBJC_WEAK = YES;
				CLANG_WARN_BLOCK_CAPTURE_AUTORELEASING = YES;
				CLANG_WARN_BOOL_CONVERSION = YES;
				CLANG_WARN_COMMA = YES;
				CLANG_WARN_CONSTANT_CONVERSION = YES;
				CLANG_WARN_DEPRECATED_OBJC_IMPLEMENTATIONS = YES;
				CLANG_WARN_DIRECT_OBJC_ISA_USAGE = YES_ERROR;
				CLANG_WARN_DOCUMENTATION_COMMENTS = YES;
				CLANG_WARN_EMPTY_BODY = YES;
				CLANG_WARN_ENUM_CONVERSION = YES;
				CLANG_WARN_INFINITE_RECURSION = YES;
				CLANG_WARN_INT_CONVERSION = YES;
				CLANG_WARN_NON_LITERAL_NULL_CONVERSION = YES;
				CLANG_WARN_OBJC_IMPLICIT_RETAIN_SELF = YES;
				CLANG_WARN_OBJC_LITERAL_CONVERSION = YES;
				CLANG_WARN_OBJC_ROOT_CLASS = YES_ERROR;
				CLANG_WARN_QUOTED_INCLUDE_IN_FRAMEWORK_HEADER = YES;
				CLANG_WARN_RANGE_LOOP_ANALYSIS = YES;
				CLANG_WARN_STRICT_PROTOTYPES = YES;
				CLANG_WARN_SUSPICIOUS_MOVE = YES;
				CLANG_WARN_UNGUARDED_AVAILABILITY = YES_AGGRESSIVE;
				CLANG_WARN_UNREACHABLE_CODE = YES;
				CLANG_WARN__DUPLICATE_METHOD_MATCH = YES;
				COPY_PHASE_STRIP = NO;
				DEBUG_INFORMATION_FORMAT = dwarf;
				ENABLE_STRICT_OBJC_MSGSEND = YES;
				ENABLE_TESTABILITY = YES;
				GCC_C_LANGUAGE_STANDARD = gnu11;
				GCC_DYNAMIC_NO_PIC = NO;
				GCC_NO_COMMON_BLOCKS = YES;
				GCC_OPTIMIZATION_LEVEL = 0;
				GCC_PREPROCESSOR_DEFINITIONS = (
					"DEBUG=1",
					"$(inherited)",
				);
				GCC_WARN_64_TO_32_BIT_CONVERSION = YES;
				GCC_WARN_ABOUT_RETURN_TYPE = YES_ERROR;
				GCC_WARN_UNDECLARED_SELECTOR = YES;
				GCC_WARN_UNINITIALIZED_AUTOS = YES_AGGRESSIVE;
				GCC_WARN_UNUSED_FUNCTION = YES;
				GCC_WARN_UNUSED_VARIABLE = YES;
				IPHONEOS_DEPLOYMENT_TARGET = 15.0;
				MTL_ENABLE_DEBUG_INFO = INCLUDE_SOURCE;
				MTL_FAST_MATH = YES;
				ONLY_ACTIVE_ARCH = YES;
				SDKROOT = iphoneos;
				SWIFT_ACTIVE_COMPILATION_CONDITIONS = DEBUG;
				SWIFT_OPTIMIZATION_LEVEL = "-Onone";
			};
			name = Debug;
		};
		3FEA40D72A79F09600D16BC8 /* Release */ = {
			isa = XCBuildConfiguration;
			buildSettings = {
				ALWAYS_SEARCH_USER_PATHS = NO;
				CLANG_ANALYZER_NONNULL = YES;
				CLANG_ANALYZER_NUMBER_OBJECT_CONVERSION = YES_AGGRESSIVE;
				CLANG_CXX_LANGUAGE_STANDARD = "gnu++20";
				CLANG_ENABLE_MODULES = YES;
				CLANG_ENABLE_OBJC_ARC = YES;
				CLANG_ENABLE_OBJC_WEAK = YES;
				CLANG_WARN_BLOCK_CAPTURE_AUTORELEASING = YES;
				CLANG_WARN_BOOL_CONVERSION = YES;
				CLANG_WARN_COMMA = YES;
				CLANG_WARN_CONSTANT_CONVERSION = YES;
				CLANG_WARN_DEPRECATED_OBJC_IMPLEMENTATIONS = YES;
				CLANG_WARN_DIRECT_OBJC_ISA_USAGE = YES_ERROR;
				CLANG_WARN_DOCUMENTATION_COMMENTS = YES;
				CLANG_WARN_EMPTY_BODY = YES;
				CLANG_WARN_ENUM_CONVERSION = YES;
				CLANG_WARN_INFINITE_RECURSION = YES;
				CLANG_WARN_INT_CONVERSION = YES;
				CLANG_WARN_NON_LITERAL_NULL_CONVERSION = YES;
				CLANG_WARN_OBJC_IMPLICIT_RETAIN_SELF = YES;
				CLANG_WARN_OBJC_LITERAL_CONVERSION = YES;
				CLANG_WARN_OBJC_ROOT_CLASS = YES_ERROR;
				CLANG_WARN_QUOTED_INCLUDE_IN_FRAMEWORK_HEADER = YES;
				CLANG_WARN_RANGE_LOOP_ANALYSIS = YES;
				CLANG_WARN_STRICT_PROTOTYPES = YES;
				CLANG_WARN_SUSPICIOUS_MOVE = YES;
				CLANG_WARN_UNGUARDED_AVAILABILITY = YES_AGGRESSIVE;
				CLANG_WARN_UNREACHABLE_CODE = YES;
				CLANG_WARN__DUPLICATE_METHOD_MATCH = YES;
				COPY_PHASE_STRIP = NO;
				DEBUG_INFORMATION_FORMAT = "dwarf-with-dsym";
				ENABLE_NS_ASSERTIONS = NO;
				ENABLE_STRICT_OBJC_MSGSEND = YES;
				GCC_C_LANGUAGE_STANDARD = gnu11;
				GCC_NO_COMMON_BLOCKS = YES;
				GCC_WARN_64_TO_32_BIT_CONVERSION = YES;
				GCC_WARN_ABOUT_RETURN_TYPE = YES_ERROR;
				GCC_WARN_UNDECLARED_SELECTOR = YES;
				GCC_WARN_UNINITIALIZED_AUTOS = YES_AGGRESSIVE;
				GCC_WARN_UNUSED_FUNCTION = YES;
				GCC_WARN_UNUSED_VARIABLE = YES;
				IPHONEOS_DEPLOYMENT_TARGET = 15.0;
				MTL_ENABLE_DEBUG_INFO = NO;
				MTL_FAST_MATH = YES;
				SDKROOT = iphoneos;
				SWIFT_COMPILATION_MODE = wholemodule;
				SWIFT_OPTIMIZATION_LEVEL = "-O";
				VALIDATE_PRODUCT = YES;
			};
			name = Release;
		};
		3FEA40D92A79F09600D16BC8 /* Debug */ = {
			isa = XCBuildConfiguration;
			buildSettings = {
				ASSETCATALOG_COMPILER_APPICON_NAME = AppIcon;
				ASSETCATALOG_COMPILER_GLOBAL_ACCENT_COLOR_NAME = AccentColor;
				CODE_SIGN_STYLE = Automatic;
				CURRENT_PROJECT_VERSION = 1;
				DEVELOPMENT_ASSET_PATHS = MovieHelper/Info.plist;
				DEVELOPMENT_TEAM = BGWQK73AZ9;
				GENERATE_INFOPLIST_FILE = YES;
				INFOPLIST_FILE = MovieHelper/Info.plist;
				INFOPLIST_KEY_CFBundleDisplayName = "Movie Helper";
				INFOPLIST_KEY_LSApplicationCategoryType = "public.app-category.entertainment";
				INFOPLIST_KEY_NSLocationAlwaysAndWhenInUseUsageDescription = "顯示目前的位置並查看附近電影院";
				INFOPLIST_KEY_NSLocationAlwaysUsageDescription = "顯示目前的位置並查看附近電影院";
				INFOPLIST_KEY_NSLocationWhenInUseUsageDescription = "顯示目前的位置並查看附近電影院";
				INFOPLIST_KEY_UIApplicationSupportsIndirectInputEvents = YES;
				INFOPLIST_KEY_UILaunchStoryboardName = LaunchScreen;
				INFOPLIST_KEY_UIMainStoryboardFile = Main;
				INFOPLIST_KEY_UIStatusBarStyle = UIStatusBarStyleDarkContent;
				INFOPLIST_KEY_UISupportedInterfaceOrientations_iPad = "UIInterfaceOrientationPortrait UIInterfaceOrientationPortraitUpsideDown UIInterfaceOrientationLandscapeLeft UIInterfaceOrientationLandscapeRight";
				INFOPLIST_KEY_UISupportedInterfaceOrientations_iPhone = "UIInterfaceOrientationPortrait UIInterfaceOrientationLandscapeLeft UIInterfaceOrientationLandscapeRight";
				LD_RUNPATH_SEARCH_PATHS = (
					"$(inherited)",
					"@executable_path/Frameworks",
				);
				MARKETING_VERSION = 2.1;
				PRODUCT_BUNDLE_IDENTIFIER = com.www.MovieHelper;
				PRODUCT_NAME = "$(TARGET_NAME)";
				SUPPORTED_PLATFORMS = "iphoneos iphonesimulator";
				SUPPORTS_MACCATALYST = NO;
				SUPPORTS_MAC_DESIGNED_FOR_IPHONE_IPAD = NO;
				SWIFT_EMIT_LOC_STRINGS = YES;
				SWIFT_VERSION = 5.0;
				TARGETED_DEVICE_FAMILY = "1,2";
			};
			name = Debug;
		};
		3FEA40DA2A79F09600D16BC8 /* Release */ = {
			isa = XCBuildConfiguration;
			buildSettings = {
				ASSETCATALOG_COMPILER_APPICON_NAME = AppIcon;
				ASSETCATALOG_COMPILER_GLOBAL_ACCENT_COLOR_NAME = AccentColor;
				CODE_SIGN_STYLE = Automatic;
				CURRENT_PROJECT_VERSION = 1;
				DEVELOPMENT_ASSET_PATHS = MovieHelper/Info.plist;
				DEVELOPMENT_TEAM = BGWQK73AZ9;
				GENERATE_INFOPLIST_FILE = YES;
				INFOPLIST_FILE = MovieHelper/Info.plist;
				INFOPLIST_KEY_CFBundleDisplayName = "Movie Helper";
				INFOPLIST_KEY_LSApplicationCategoryType = "public.app-category.entertainment";
				INFOPLIST_KEY_NSLocationAlwaysAndWhenInUseUsageDescription = "顯示目前的位置並查看附近電影院";
				INFOPLIST_KEY_NSLocationAlwaysUsageDescription = "顯示目前的位置並查看附近電影院";
				INFOPLIST_KEY_NSLocationWhenInUseUsageDescription = "顯示目前的位置並查看附近電影院";
				INFOPLIST_KEY_UIApplicationSupportsIndirectInputEvents = YES;
				INFOPLIST_KEY_UILaunchStoryboardName = LaunchScreen;
				INFOPLIST_KEY_UIMainStoryboardFile = Main;
				INFOPLIST_KEY_UIStatusBarStyle = UIStatusBarStyleDarkContent;
				INFOPLIST_KEY_UISupportedInterfaceOrientations_iPad = "UIInterfaceOrientationPortrait UIInterfaceOrientationPortraitUpsideDown UIInterfaceOrientationLandscapeLeft UIInterfaceOrientationLandscapeRight";
				INFOPLIST_KEY_UISupportedInterfaceOrientations_iPhone = "UIInterfaceOrientationPortrait UIInterfaceOrientationLandscapeLeft UIInterfaceOrientationLandscapeRight";
				LD_RUNPATH_SEARCH_PATHS = (
					"$(inherited)",
					"@executable_path/Frameworks",
				);
				MARKETING_VERSION = 2.1;
				PRODUCT_BUNDLE_IDENTIFIER = com.www.MovieHelper;
				PRODUCT_NAME = "$(TARGET_NAME)";
				SUPPORTED_PLATFORMS = "iphoneos iphonesimulator";
				SUPPORTS_MACCATALYST = NO;
				SUPPORTS_MAC_DESIGNED_FOR_IPHONE_IPAD = NO;
				SWIFT_EMIT_LOC_STRINGS = YES;
				SWIFT_VERSION = 5.0;
				TARGETED_DEVICE_FAMILY = "1,2";
			};
			name = Release;
		};
/* End XCBuildConfiguration section */

/* Begin XCConfigurationList section */
		3FEA40BF2A79F09200D16BC8 /* Build configuration list for PBXProject "MovieHelper" */ = {
			isa = XCConfigurationList;
			buildConfigurations = (
				3FEA40D62A79F09600D16BC8 /* Debug */,
				3FEA40D72A79F09600D16BC8 /* Release */,
			);
			defaultConfigurationIsVisible = 0;
			defaultConfigurationName = Release;
		};
		3FEA40D82A79F09600D16BC8 /* Build configuration list for PBXNativeTarget "MovieHelper" */ = {
			isa = XCConfigurationList;
			buildConfigurations = (
				3FEA40D92A79F09600D16BC8 /* Debug */,
				3FEA40DA2A79F09600D16BC8 /* Release */,
			);
			defaultConfigurationIsVisible = 0;
			defaultConfigurationName = Release;
		};
/* End XCConfigurationList section */

/* Begin XCRemoteSwiftPackageReference section */
		7C7D57E42AAE975F00CC929D /* XCRemoteSwiftPackageReference "GoogleSignIn-iOS" */ = {
			isa = XCRemoteSwiftPackageReference;
			repositoryURL = "https://github.com/google/GoogleSignIn-iOS";
			requirement = {
				kind = upToNextMajorVersion;
				minimumVersion = 7.0.0;
			};
		};
		7C9E05142A88A4670006ACF8 /* XCRemoteSwiftPackageReference "Kingfisher" */ = {
			isa = XCRemoteSwiftPackageReference;
			repositoryURL = "https://github.com/onevcat/Kingfisher";
			requirement = {
				kind = upToNextMajorVersion;
				minimumVersion = 7.0.0;
			};
		};
		7C9E05172A88D7380006ACF8 /* XCRemoteSwiftPackageReference "firebase-ios-sdk" */ = {
			isa = XCRemoteSwiftPackageReference;
			repositoryURL = "https://github.com/firebase/firebase-ios-sdk";
			requirement = {
				kind = upToNextMajorVersion;
				minimumVersion = 10.0.0;
			};
		};
/* End XCRemoteSwiftPackageReference section */

/* Begin XCSwiftPackageProductDependency section */
		7C7D57E52AAE975F00CC929D /* GoogleSignIn */ = {
			isa = XCSwiftPackageProductDependency;
			package = 7C7D57E42AAE975F00CC929D /* XCRemoteSwiftPackageReference "GoogleSignIn-iOS" */;
			productName = GoogleSignIn;
		};
		7C7D57E72AAE975F00CC929D /* GoogleSignInSwift */ = {
			isa = XCSwiftPackageProductDependency;
			package = 7C7D57E42AAE975F00CC929D /* XCRemoteSwiftPackageReference "GoogleSignIn-iOS" */;
			productName = GoogleSignInSwift;
		};
		7C9E05152A88A4670006ACF8 /* Kingfisher */ = {
			isa = XCSwiftPackageProductDependency;
			package = 7C9E05142A88A4670006ACF8 /* XCRemoteSwiftPackageReference "Kingfisher" */;
			productName = Kingfisher;
		};
		7C9E05182A88D7380006ACF8 /* FirebaseAnalytics */ = {
			isa = XCSwiftPackageProductDependency;
			package = 7C9E05172A88D7380006ACF8 /* XCRemoteSwiftPackageReference "firebase-ios-sdk" */;
			productName = FirebaseAnalytics;
		};
		7C9E051B2A88EFB10006ACF8 /* FirebaseAuth */ = {
			isa = XCSwiftPackageProductDependency;
			package = 7C9E05172A88D7380006ACF8 /* XCRemoteSwiftPackageReference "firebase-ios-sdk" */;
			productName = FirebaseAuth;
		};
		7C9E051D2A88EFBF0006ACF8 /* FirebaseStorage */ = {
			isa = XCSwiftPackageProductDependency;
			package = 7C9E05172A88D7380006ACF8 /* XCRemoteSwiftPackageReference "firebase-ios-sdk" */;
			productName = FirebaseStorage;
		};
		7C9E051F2A88EFC80006ACF8 /* FirebaseFirestoreSwift */ = {
			isa = XCSwiftPackageProductDependency;
			package = 7C9E05172A88D7380006ACF8 /* XCRemoteSwiftPackageReference "firebase-ios-sdk" */;
			productName = FirebaseFirestoreSwift;
		};
		7CB8753A2A8B2472001FD805 /* FirebaseDatabase */ = {
			isa = XCSwiftPackageProductDependency;
			package = 7C9E05172A88D7380006ACF8 /* XCRemoteSwiftPackageReference "firebase-ios-sdk" */;
			productName = FirebaseDatabase;
		};
/* End XCSwiftPackageProductDependency section */
	};
	rootObject = 3FEA40BC2A79F09200D16BC8 /* Project object */;
}
